
Microsoft Visual Studio Solution File, Format Version 12.00
# Visual Studio Version 17
VisualStudioVersion = 17.14.36717.8 d17.14
MinimumVisualStudioVersion = 10.0.40219.1
Project("{FAE04EC0-301F-11D3-BF4B-00C04F79EFBC}") = "LibraFolio1", "LibraFolio1\LibraFolio1.csproj", "{9A9F9113-9E7F-4F35-8DA9-A2A951EADDDD}"
EndProject
Global
	GlobalSection(SolutionConfigurationPlatforms) = preSolution
		Debug|Any CPU = Debug|Any CPU
		Release|Any CPU = Release|Any CPU
	EndGlobalSection
	GlobalSection(ProjectConfigurationPlatforms) = postSolution
		{9A9F9113-9E7F-4F35-8DA9-A2A951EADDDD}.Debug|Any CPU.ActiveCfg = Debug|Any CPU
		{9A9F9113-9E7F-4F35-8DA9-A2A951EADDDD}.Debug|Any CPU.Build.0 = Debug|Any CPU
		{9A9F9113-9E7F-4F35-8DA9-A2A951EADDDD}.Release|Any CPU.ActiveCfg = Release|Any CPU
		{9A9F9113-9E7F-4F35-8DA9-A2A951EADDDD}.Release|Any CPU.Build.0 = Release|Any CPU
	EndGlobalSection
	GlobalSection(SolutionProperties) = preSolution
		HideSolutionNode = FALSE
	EndGlobalSection
	GlobalSection(ExtensibilityGlobals) = postSolution
		SolutionGuid = {C9250AB1-221B-407A-BA19-75BC27AB039D}
	EndGlobalSection
EndGlobal
